{
  "name": "package_test",
  "version": "1.0.0",
  "lockfileVersion": 3,
  "requires": true,
  "packages": {
    "": {
      "name": "package_test",
      "version": "1.0.0",
      "license": "ISC",
      "dependencies": {
        "@janekhris/ajs_1": "^1.0.0"
      }
    },
    "node_modules/@janekhris/ajs_1": {
      "version": "1.0.0",
      "resolved": "https://npm.pkg.github.com/download/@janekhris/ajs_1/1.0.0/ce5f977edc9596b0c3a2e6d3bf0af940c621a6e3",
      "integrity": "sha512-/0/BhP7693kUNozn/I1Ey8cxmMrGUV7IlONsdo0OwDRPR1+J4qrxv2irWWubSsLbQWnDIPQZctGwcclBXURVRA==",
      "license": "ISC"
    }
  }
}
